// !$*UTF8*$!
{
	archiveVersion = 1;
	classes = {
	};
	objectVersion = 46;
	objects = {

/* Begin PBXBuildFile section */
		C1915EF21F3379B60069EC05 /* AppDelegate.swift in Sources */ = {isa = PBXBuildFile; fileRef = C1915EF11F3379B60069EC05 /* AppDelegate.swift */; };
		C1915EF41F3379B60069EC05 /* ViewController.swift in Sources */ = {isa = PBXBuildFile; fileRef = C1915EF31F3379B60069EC05 /* ViewController.swift */; };
		C1915EF71F3379B60069EC05 /* Main.storyboard in Resources */ = {isa = PBXBuildFile; fileRef = C1915EF51F3379B60069EC05 /* Main.storyboard */; };
		C1915EFA1F3379B60069EC05 /* ToDoList.xcdatamodeld in Sources */ = {isa = PBXBuildFile; fileRef = C1915EF81F3379B60069EC05 /* ToDoList.xcdatamodeld */; };
		C1915EFC1F3379B60069EC05 /* Assets.xcassets in Resources */ = {isa = PBXBuildFile; fileRef = C1915EFB1F3379B60069EC05 /* Assets.xcassets */; };
		C1915EFF1F3379B60069EC05 /* LaunchScreen.storyboard in Resources */ = {isa = PBXBuildFile; fileRef = C1915EFD1F3379B60069EC05 /* LaunchScreen.storyboard */; };
		C1915F071F337ED50069EC05 /* Tasks.swift in Sources */ = {isa = PBXBuildFile; fileRef = C1915F061F337ED50069EC05 /* Tasks.swift */; };
		C1915F091F3387040069EC05 /* TaskDetailViewController.swift in Sources */ = {isa = PBXBuildFile; fileRef = C1915F081F3387040069EC05 /* TaskDetailViewController.swift */; };
		C1915F0B1F3395990069EC05 /* AddNewTaskViewController.swift in Sources */ = {isa = PBXBuildFile; fileRef = C1915F0A1F3395990069EC05 /* AddNewTaskViewController.swift */; };
/* End PBXBuildFile section */

/* Begin PBXFileReference section */
		C1915EEE1F3379B60069EC05 /* ToDoList.app */ = {isa = PBXFileReference; explicitFileType = wrapper.application; includeInIndex = 0; path = ToDoList.app; sourceTree = BUILT_PRODUCTS_DIR; };
		C1915EF11F3379B60069EC05 /* AppDelegate.swift */ = {isa = PBXFileReference; lastKnownFileType = sourcecode.swift; path = AppDelegate.swift; sourceTree = "<group>"; };
		C1915EF31F3379B60069EC05 /* ViewController.swift */ = {isa = PBXFileReference; lastKnownFileType = sourcecode.swift; path = ViewController.swift; sourceTree = "<group>"; };
		C1915EF61F3379B60069EC05 /* Base */ = {isa = PBXFileReference; lastKnownFileType = file.storyboard; name = Base; path = Base.lproj/Main.storyboard; sourceTree = "<group>"; };
		C1915EF91F3379B60069EC05 /* ToDoList.xcdatamodel */ = {isa = PBXFileReference; lastKnownFileType = wrapper.xcdatamodel; path = ToDoList.xcdatamodel; sourceTree = "<group>"; };
		C1915EFB1F3379B60069EC05 /* Assets.xcassets */ = {isa = PBXFileReference; lastKnownFileType = folder.assetcatalog; path = Assets.xcassets; sourceTree = "<group>"; };
		C1915EFE1F3379B60069EC05 /* Base */ = {isa = PBXFileReference; lastKnownFileType = file.storyboard; name = Base; path = Base.lproj/LaunchScreen.storyboard; sourceTree = "<group>"; };
		C1915F001F3379B60069EC05 /* Info.plist */ = {isa = PBXFileReference; lastKnownFileType = text.plist.xml; path = Info.plist; sourceTree = "<group>"; };
		C1915F061F337ED50069EC05 /* Tasks.swift */ = {isa = PBXFileReference; fileEncoding = 4; lastKnownFileType = sourcecode.swift; path = Tasks.swift; sourceTree = "<group>"; };
		C1915F081F3387040069EC05 /* TaskDetailViewController.swift */ = {isa = PBXFileReference; fileEncoding = 4; lastKnownFileType = sourcecode.swift; path = TaskDetailViewController.swift; sourceTree = "<group>"; };
		C1915F0A1F3395990069EC05 /* AddNewTaskViewController.swift */ = {isa = PBXFileReference; fileEncoding = 4; lastKnownFileType = sourcecode.swift; path = AddNewTaskViewController.swift; sourceTree = "<group>"; };
/* End PBXFileReference section */

/* Begin PBXFrameworksBuildPhase section */
		C1915EEB1F3379B60069EC05 /* Frameworks */ = {
			isa = PBXFrameworksBuildPhase;
			buildActionMask = 2147483647;
			files = (
			);
			runOnlyForDeploymentPostprocessing = 0;
		};
/* End PBXFrameworksBuildPhase section */

/* Begin PBXGroup section */
		C1915EE51F3379B60069EC05 = {
			isa = PBXGroup;
			children = (
				C1915EF01F3379B60069EC05 /* ToDoList */,
				C1915EEF1F3379B60069EC05 /* Products */,
			);
			sourceTree = "<group>";
		};
		C1915EEF1F3379B60069EC05 /* Products */ = {
			isa = PBXGroup;
			children = (
				C1915EEE1F3379B60069EC05 /* ToDoList.app */,
			);
			name = Products;
			sourceTree = "<group>";
		};
		C1915EF01F3379B60069EC05 /* ToDoList */ = {
			isa = PBXGroup;
			children = (
				C1915EF11F3379B60069EC05 /* AppDelegate.swift */,
				C1915EF31F3379B60069EC05 /* ViewController.swift */,
				C1915EF51F3379B60069EC05 /* Main.storyboard */,
				C1915F0A1F3395990069EC05 /* AddNewTaskViewController.swift */,
				C1915F081F3387040069EC05 /* TaskDetailViewController.swift */,
				C1915EFB1F3379B60069EC05 /* Assets.xcassets */,
				C1915EFD1F3379B60069EC05 /* LaunchScreen.storyboard */,
				C1915F001F3379B60069EC05 /* Info.plist */,
				C1915EF81F3379B60069EC05 /* ToDoList.xcdatamodeld */,
				C1915F061F337ED50069EC05 /* Tasks.swift */,
			);
			path = ToDoList;
			sourceTree = "<group>";
		};
/* End PBXGroup section */

/* Begin PBXNativeTarget section */
		C1915EED1F3379B60069EC05 /* ToDoList */ = {
			isa = PBXNativeTarget;
			buildConfigurationList = C1915F031F3379B60069EC05 /* Build configuration list for PBXNativeTarget "ToDoList" */;
			buildPhases = (
				C1915EEA1F3379B60069EC05 /* Sources */,
				C1915EEB1F3379B60069EC05 /* Frameworks */,
				C1915EEC1F3379B60069EC05 /* Resources */,
			);
			buildRules = (
			);
			dependencies = (
			);
			name = ToDoList;
			productName = ToDoList;
			productReference = C1915EEE1F3379B60069EC05 /* ToDoList.app */;
			productType = "com.apple.product-type.application";
		};
/* End PBXNativeTarget section */

/* Begin PBXProject section */
		C1915EE61F3379B60069EC05 /* Project object */ = {
			isa = PBXProject;
			attributes = {
				LastSwiftUpdateCheck = 0830;
				LastUpgradeCheck = 0830;
				ORGANIZATIONNAME = Tridev;
				TargetAttributes = {
					C1915EED1F3379B60069EC05 = {
						CreatedOnToolsVersion = 8.3.3;
						ProvisioningStyle = Automatic;
					};
				};
			};
			buildConfigurationList = C1915EE91F3379B60069EC05 /* Build configuration list for PBXProject "ToDoList" */;
			compatibilityVersion = "Xcode 3.2";
			developmentRegion = English;
			hasScannedForEncodings = 0;
			knownRegions = (
				en,
				Base,
			);
			mainGroup = C1915EE51F3379B60069EC05;
			productRefGroup = C1915EEF1F3379B60069EC05 /* Products */;
			projectDirPath = "";
			projectRoot = "";
			targets = (
				C1915EED1F3379B60069EC05 /* ToDoList */,
			);
		};
/* End PBXProject section */

/* Begin PBXResourcesBuildPhase section */
		C1915EEC1F3379B60069EC05 /* Resources */ = {
			isa = PBXResourcesBuildPhase;
			buildActionMask = 2147483647;
			files = (
				C1915EFF1F3379B60069EC05 /* LaunchScreen.storyboard in Resources */,
				C1915EFC1F3379B60069EC05 /* Assets.xcassets in Resources */,
				C1915EF71F3379B60069EC05 /* Main.storyboard in Resources */,
			);
			runOnlyForDeploymentPostprocessing = 0;
		};
/* End PBXResourcesBuildPhase section */

/* Begin PBXSourcesBuildPhase section */
		C1915EEA1F3379B60069EC05 /* Sources */ = {
			isa = PBXSourcesBuildPhase;
			buildActionMask = 2147483647;
			files = (
				C1915F071F337ED50069EC05 /* Tasks.swift in Sources */,
				C1915EF41F3379B60069EC05 /* ViewController.swift in Sources */,
				C1915EFA1F3379B60069EC05 /* ToDoList.xcdatamodeld in Sources */,
				C1915EF21F3379B60069EC05 /* AppDelegate.swift in Sources */,
				C1915F0B1F3395990069EC05 /* AddNewTaskViewController.swift in Sources */,
				C1915F091F3387040069EC05 /* TaskDetailViewController.swift in Sources */,
			);
			runOnlyForDeploymentPostprocessing = 0;
		};
/* End PBXSourcesBuildPhase section */

/* Begin PBXVariantGroup section */
		C1915EF51F3379B60069EC05 /* Main.storyboard */ = {
			isa = PBXVariantGroup;
			children = (
				C1915EF61F3379B60069EC05 /* Base */,
			);
			name = Main.storyboard;
			sourceTree = "<group>";
		};
		C1915EFD1F3379B60069EC05 /* LaunchScreen.storyboard */ = {
			isa = PBXVariantGroup;
			children = (
				C1915EFE1F3379B60069EC05 /* Base */,
			);
			name = LaunchScreen.storyboard;
			sourceTree = "<group>";
		};
/* End PBXVariantGroup section */

/* Begin XCBuildConfiguration section */
		C1915F011F3379B60069EC05 /* Debug */ = {
			isa = XCBuildConfiguration;
			buildSettings = {
				ALWAYS_SEARCH_USER_PATHS = NO;
				CLANG_ANALYZER_NONNULL = YES;
				CLANG_ANALYZER_NUMBER_OBJECT_CONVERSION = YES_AGGRESSIVE;
				CLANG_CXX_LANGUAGE_STANDARD = "gnu++0x";
				CLANG_CXX_LIBRARY = "libc++";
				CLANG_ENABLE_MODULES = YES;
				CLANG_ENABLE_OBJC_ARC = YES;
				CLANG_WARN_BOOL_CONVERSION = YES;
				CLANG_WARN_CONSTANT_CONVERSION = YES;
				CLANG_WARN_DIRECT_OBJC_ISA_USAGE = YES_ERROR;
				CLANG_WARN_DOCUMENTATION_COMMENTS = YES;
				CLANG_WARN_EMPTY_BODY = YES;
				CLANG_WARN_ENUM_CONVERSION = YES;
				CLANG_WARN_INFINITE_RECURSION = YES;
				CLANG_WARN_INT_CONVERSION = YES;
				CLANG_WARN_OBJC_ROOT_CLASS = YES_ERROR;
				CLANG_WARN_SUSPICIOUS_MOVE = YES;
				CLANG_WARN_UNREACHABLE_CODE = YES;
				CLANG_WARN__DUPLICATE_METHOD_MATCH = YES;
				"CODE_SIGN_IDENTITY[sdk=iphoneos*]" = "iPhone Developer";
				COPY_PHASE_STRIP = NO;
				DEBUG_INFORMATION_FORMAT = dwarf;
				ENABLE_STRICT_OBJC_MSGSEND = YES;
				ENABLE_TESTABILITY = YES;
				GCC_C_LANGUAGE_STANDARD = gnu99;
				GCC_DYNAMIC_NO_PIC = NO;
				GCC_NO_COMMON_BLOCKS = YES;
				GCC_OPTIMIZATION_LEVEL = 0;
				GCC_PREPROCESSOR_DEFINITIONS = (
					"DEBUG=1",
					"$(inherited)",
				);
				GCC_WARN_64_TO_32_BIT_CONVERSION = YES;
				GCC_WARN_ABOUT_RETURN_TYPE = YES_ERROR;
				GCC_WARN_UNDECLARED_SELECTOR = YES;
				GCC_WARN_UNINITIALIZED_AUTOS = YES_AGGRESSIVE;
				GCC_WARN_UNUSED_FUNCTION = YES;
				GCC_WARN_UNUSED_VARIABLE = YES;
				IPHONEOS_DEPLOYMENT_TARGET = 10.3;
				MTL_ENABLE_DEBUG_INFO = YES;
				ONLY_ACTIVE_ARCH = YES;
				SDKROOT = iphoneos;
				SWIFT_ACTIVE_COMPILATION_CONDITIONS = DEBUG;
				SWIFT_OPTIMIZATION_LEVEL = "-Onone";
				TARGETED_DEVICE_FAMILY = "1,2";
			};
			name = Debug;
		};
		C1915F021F3379B60069EC05 /* Release */ = {
			isa = XCBuildConfiguration;
			buildSettings = {
				ALWAYS_SEARCH_USER_PATHS = NO;
				CLANG_ANALYZER_NONNULL = YES;
				CLANG_ANALYZER_NUMBER_OBJECT_CONVERSION = YES_AGGRESSIVE;
				CLANG_CXX_LANGUAGE_STANDARD = "gnu++0x";
				CLANG_CXX_LIBRARY = "libc++";
				CLANG_ENABLE_MODULES = YES;
				CLANG_ENABLE_OBJC_ARC = YES;
				CLANG_WARN_BOOL_CONVERSION = YES;
				CLANG_WARN_CONSTANT_CONVERSION = YES;
				CLANG_WARN_DIRECT_OBJC_ISA_USAGE = YES_ERROR;
				CLANG_WARN_DOCUMENTATION_COMMENTS = YES;
				CLANG_WARN_EMPTY_BODY = YES;
				CLANG_WARN_ENUM_CONVERSION = YES;
				CLANG_WARN_INFINITE_RECURSION = YES;
				CLANG_WARN_INT_CONVERSION = YES;
				CLANG_WARN_OBJC_ROOT_CLASS = YES_ERROR;
				CLANG_WARN_SUSPICIOUS_MOVE = YES;
				CLANG_WARN_UNREACHABLE_CODE = YES;
				CLANG_WARN__DUPLICATE_METHOD_MATCH = YES;
				"CODE_SIGN_IDENTITY[sdk=iphoneos*]" = "iPhone Developer";
				COPY_PHASE_STRIP = NO;
				DEBUG_INFORMATION_FORMAT = "dwarf-with-dsym";
				ENABLE_NS_ASSERTIONS = NO;
				ENABLE_STRICT_OBJC_MSGSEND = YES;
				GCC_C_LANGUAGE_STANDARD = gnu99;
				GCC_NO_COMMON_BLOCKS = YES;
				GCC_WARN_64_TO_32_BIT_CONVERSION = YES;
				GCC_WARN_ABOUT_RETURN_TYPE = YES_ERROR;
				GCC_WARN_UNDECLARED_SELECTOR = YES;
				GCC_WARN_UNINITIALIZED_AUTOS = YES_AGGRESSIVE;
				GCC_WARN_UNUSED_FUNCTION = YES;
				GCC_WARN_UNUSED_VARIABLE = YES;
				IPHONEOS_DEPLOYMENT_TARGET = 10.3;
				MTL_ENABLE_DEBUG_INFO = NO;
				SDKROOT = iphoneos;
				SWIFT_OPTIMIZATION_LEVEL = "-Owholemodule";
				TARGETED_DEVICE_FAMILY = "1,2";
				VALIDATE_PRODUCT = YES;
			};
			name = Release;
		};
		C1915F041F3379B60069EC05 /* Debug */ = {
			isa = XCBuildConfiguration;
			buildSettings = {
				ASSETCATALOG_COMPILER_APPICON_NAME = AppIcon;
				INFOPLIST_FILE = ToDoList/Info.plist;
				LD_RUNPATH_SEARCH_PATHS = "$(inherited) @executable_path/Frameworks";
				PRODUCT_BUNDLE_IDENTIFIER = com.tridev.ToDoList;
				PRODUCT_NAME = "$(TARGET_NAME)";
				SWIFT_VERSION = 3.0;
			};
			name = Debug;
		};
		C1915F051F3379B60069EC05 /* Release */ = {
			isa = XCBuildConfiguration;
			buildSettings = {
				ASSETCATALOG_COMPILER_APPICON_NAME = AppIcon;
				INFOPLIST_FILE = ToDoList/Info.plist;
				LD_RUNPATH_SEARCH_PATHS = "$(inherited) @executable_path/Frameworks";
				PRODUCT_BUNDLE_IDENTIFIER = com.tridev.ToDoList;
				PRODUCT_NAME = "$(TARGET_NAME)";
				SWIFT_VERSION = 3.0;
			};
			name = Release;
		};
/* End XCBuildConfiguration section */

/* Begin XCConfigurationList section */
		C1915EE91F3379B60069EC05 /* Build configuration list for PBXProject "ToDoList" */ = {
			isa = XCConfigurationList;
			buildConfigurations = (
				C1915F011F3379B60069EC05 /* Debug */,
				C1915F021F3379B60069EC05 /* Release */,
			);
			defaultConfigurationIsVisible = 0;
			defaultConfigurationName = Release;
		};
		C1915F031F3379B60069EC05 /* Build configuration list for PBXNativeTarget "ToDoList" */ = {
			isa = XCConfigurationList;
			buildConfigurations = (
				C1915F041F3379B60069EC05 /* Debug */,
				C1915F051F3379B60069EC05 /* Release */,
			);
			defaultConfigurationIsVisible = 0;
		};
/* End XCConfigurationList section */

/* Begin XCVersionGroup section */
		C1915EF81F3379B60069EC05 /* ToDoList.xcdatamodeld */ = {
			isa = XCVersionGroup;
			children = (
				C1915EF91F3379B60069EC05 /* ToDoList.xcdatamodel */,
			);
			currentVersion = C1915EF91F3379B60069EC05 /* ToDoList.xcdatamodel */;
			path = ToDoList.xcdatamodeld;
			sourceTree = "<group>";
			versionGroupType = wrapper.xcdatamodel;
		};
/* End XCVersionGroup section */
	};
	rootObject = C1915EE61F3379B60069EC05 /* Project object */;
}
